
Microsoft Visual Studio Solution File, Format Version 11.00
# Visual Studio 2010
Project("{F184B08F-C81C-45F6-A57F-5ABD9991F28F}") = "Conagua_Plano", "Conagua_Plano\Conagua_Plano.vbproj", "{F2F2067C-8603-4D8C-8BDB-B07BBA05FD0E}"
EndProject
Global
	GlobalSection(SolutionConfigurationPlatforms) = preSolution
		Debug|x86 = Debug|x86
		Release|x86 = Release|x86
	EndGlobalSection
	GlobalSection(ProjectConfigurationPlatforms) = postSolution
		{F2F2067C-8603-4D8C-8BDB-B07BBA05FD0E}.Debug|x86.ActiveCfg = Debug|x86
		{F2F2067C-8603-4D8C-8BDB-B07BBA05FD0E}.Debug|x86.Build.0 = Debug|x86
		{F2F2067C-8603-4D8C-8BDB-B07BBA05FD0E}.Release|x86.ActiveCfg = Release|x86
		{F2F2067C-8603-4D8C-8BDB-B07BBA05FD0E}.Release|x86.Build.0 = Release|x86
	EndGlobalSection
	GlobalSection(SolutionProperties) = preSolution
		HideSolutionNode = FALSE
	EndGlobalSection
EndGlobal
